
Microsoft Visual Studio Solution File, Format Version 12.00
# Visual Studio Version 17
VisualStudioVersion = 17.3.32811.315
MinimumVisualStudioVersion = 10.0.40219.1
Project("{FAE04EC0-301F-11D3-BF4B-00C04F79EFBC}") = "PrimerApp", "PrimerApp.csproj", "{9342CBEC-D92E-4BD0-BBDA-58217003AEE6}"
EndProject
Global
	GlobalSection(SolutionConfigurationPlatforms) = preSolution
		Debug|Any CPU = Debug|Any CPU
		Release|Any CPU = Release|Any CPU
	EndGlobalSection
	GlobalSection(ProjectConfigurationPlatforms) = postSolution
		{9342CBEC-D92E-4BD0-BBDA-58217003AEE6}.Debug|Any CPU.ActiveCfg = Debug|Any CPU
		{9342CBEC-D92E-4BD0-BBDA-58217003AEE6}.Debug|Any CPU.Build.0 = Debug|Any CPU
		{9342CBEC-D92E-4BD0-BBDA-58217003AEE6}.Release|Any CPU.ActiveCfg = Release|Any CPU
		{9342CBEC-D92E-4BD0-BBDA-58217003AEE6}.Release|Any CPU.Build.0 = Release|Any CPU
	EndGlobalSection
	GlobalSection(SolutionProperties) = preSolution
		HideSolutionNode = FALSE
	EndGlobalSection
	GlobalSection(ExtensibilityGlobals) = postSolution
		SolutionGuid = {8E785105-2BA7-4016-9D9F-7E51E4F8F623}
	EndGlobalSection
EndGlobal
